
Microsoft Visual Studio Solution File, Format Version 12.00
# Visual Studio Version 17
VisualStudioVersion = 17.13.35806.99 d17.13
MinimumVisualStudioVersion = 10.0.40219.1
Project("{FAE04EC0-301F-11D3-BF4B-00C04F79EFBC}") = "WinksUI", "WinksUI.csproj", "{C410751E-225E-4C08-8BA7-EC847BF84007}"
EndProject
Global
	GlobalSection(SolutionConfigurationPlatforms) = preSolution
		Debug|Any CPU = Debug|Any CPU
		Release|Any CPU = Release|Any CPU
	EndGlobalSection
	GlobalSection(ProjectConfigurationPlatforms) = postSolution
		{C410751E-225E-4C08-8BA7-EC847BF84007}.Debug|Any CPU.ActiveCfg = Debug|Any CPU
		{C410751E-225E-4C08-8BA7-EC847BF84007}.Debug|Any CPU.Build.0 = Debug|Any CPU
		{C410751E-225E-4C08-8BA7-EC847BF84007}.Release|Any CPU.ActiveCfg = Release|Any CPU
		{C410751E-225E-4C08-8BA7-EC847BF84007}.Release|Any CPU.Build.0 = Release|Any CPU
	EndGlobalSection
	GlobalSection(SolutionProperties) = preSolution
		HideSolutionNode = FALSE
	EndGlobalSection
	GlobalSection(ExtensibilityGlobals) = postSolution
		SolutionGuid = {5E83FD05-95AA-422A-80D3-39696AE8389D}
	EndGlobalSection
EndGlobal
